
Microsoft Visual Studio Solution File, Format Version 12.00
# Visual Studio 15
VisualStudioVersion = 15.0.28307.1000
MinimumVisualStudioVersion = 10.0.40219.1
Project("{9A19103F-16F7-4668-BE54-9A1E7A4F7556}") = "Anguler.netCore", "Anguler.netCore\Anguler.netCore.csproj", "{DD0FC885-B79F-4029-9CED-2044574B9400}"
EndProject
Project("{9A19103F-16F7-4668-BE54-9A1E7A4F7556}") = "EnitiyLayer", "EnitiyLayer\EnitiyLayer.csproj", "{2645F74E-3E17-4495-B20B-A556588389EB}"
EndProject
Project("{9A19103F-16F7-4668-BE54-9A1E7A4F7556}") = "DatebaseLayer", "DatebaseLayer\DatebaseLayer.csproj", "{8E53E38F-AB53-4A9A-93AB-BE9AA51E4F60}"
EndProject
Global
	GlobalSection(SolutionConfigurationPlatforms) = preSolution
		Debug|Any CPU = Debug|Any CPU
		Release|Any CPU = Release|Any CPU
	EndGlobalSection
	GlobalSection(ProjectConfigurationPlatforms) = postSolution
		{DD0FC885-B79F-4029-9CED-2044574B9400}.Debug|Any CPU.ActiveCfg = Debug|Any CPU
		{DD0FC885-B79F-4029-9CED-2044574B9400}.Debug|Any CPU.Build.0 = Debug|Any CPU
		{DD0FC885-B79F-4029-9CED-2044574B9400}.Release|Any CPU.ActiveCfg = Release|Any CPU
		{DD0FC885-B79F-4029-9CED-2044574B9400}.Release|Any CPU.Build.0 = Release|Any CPU
		{2645F74E-3E17-4495-B20B-A556588389EB}.Debug|Any CPU.ActiveCfg = Debug|Any CPU
		{2645F74E-3E17-4495-B20B-A556588389EB}.Debug|Any CPU.Build.0 = Debug|Any CPU
		{2645F74E-3E17-4495-B20B-A556588389EB}.Release|Any CPU.ActiveCfg = Release|Any CPU
		{2645F74E-3E17-4495-B20B-A556588389EB}.Release|Any CPU.Build.0 = Release|Any CPU
		{8E53E38F-AB53-4A9A-93AB-BE9AA51E4F60}.Debug|Any CPU.ActiveCfg = Debug|Any CPU
		{8E53E38F-AB53-4A9A-93AB-BE9AA51E4F60}.Debug|Any CPU.Build.0 = Debug|Any CPU
		{8E53E38F-AB53-4A9A-93AB-BE9AA51E4F60}.Release|Any CPU.ActiveCfg = Release|Any CPU
		{8E53E38F-AB53-4A9A-93AB-BE9AA51E4F60}.Release|Any CPU.Build.0 = Release|Any CPU
	EndGlobalSection
	GlobalSection(SolutionProperties) = preSolution
		HideSolutionNode = FALSE
	EndGlobalSection
	GlobalSection(ExtensibilityGlobals) = postSolution
		SolutionGuid = {F2FD7E12-8048-4628-9EE5-54B11DBC1025}
	EndGlobalSection
EndGlobal
